
Microsoft Visual Studio Solution File, Format Version 12.00
# Visual Studio Version 17
VisualStudioVersion = 17.0.31912.275
MinimumVisualStudioVersion = 10.0.40219.1
Project("{FAE04EC0-301F-11D3-BF4B-00C04F79EFBC}") = "LiftOffAuthExample", "LiftOffAuthExample\LiftOffAuthExample.csproj", "{34B9F9BF-7FE9-486A-A370-0FA2C83B3051}"
EndProject
Global
	GlobalSection(SolutionConfigurationPlatforms) = preSolution
		Debug|Any CPU = Debug|Any CPU
		Release|Any CPU = Release|Any CPU
	EndGlobalSection
	GlobalSection(ProjectConfigurationPlatforms) = postSolution
		{34B9F9BF-7FE9-486A-A370-0FA2C83B3051}.Debug|Any CPU.ActiveCfg = Debug|Any CPU
		{34B9F9BF-7FE9-486A-A370-0FA2C83B3051}.Debug|Any CPU.Build.0 = Debug|Any CPU
		{34B9F9BF-7FE9-486A-A370-0FA2C83B3051}.Release|Any CPU.ActiveCfg = Release|Any CPU
		{34B9F9BF-7FE9-486A-A370-0FA2C83B3051}.Release|Any CPU.Build.0 = Release|Any CPU
	EndGlobalSection
	GlobalSection(SolutionProperties) = preSolution
		HideSolutionNode = FALSE
	EndGlobalSection
	GlobalSection(ExtensibilityGlobals) = postSolution
		SolutionGuid = {5CA87C8D-AC6E-4CB9-BCD6-9A32B310B64B}
	EndGlobalSection
EndGlobal
